
Microsoft Visual Studio Solution File, Format Version 12.00
# Visual Studio Version 17
VisualStudioVersion = 17.3.32922.545
MinimumVisualStudioVersion = 10.0.40219.1
Project("{FAE04EC0-301F-11D3-BF4B-00C04F79EFBC}") = "CS_Lesson_18", "CS_Lesson_18\CS_Lesson_18.csproj", "{09A63DF4-055F-4B7C-B3D7-29EC75B0E36B}"
EndProject
Global
	GlobalSection(SolutionConfigurationPlatforms) = preSolution
		Debug|Any CPU = Debug|Any CPU
		Release|Any CPU = Release|Any CPU
	EndGlobalSection
	GlobalSection(ProjectConfigurationPlatforms) = postSolution
		{09A63DF4-055F-4B7C-B3D7-29EC75B0E36B}.Debug|Any CPU.ActiveCfg = Debug|Any CPU
		{09A63DF4-055F-4B7C-B3D7-29EC75B0E36B}.Debug|Any CPU.Build.0 = Debug|Any CPU
		{09A63DF4-055F-4B7C-B3D7-29EC75B0E36B}.Release|Any CPU.ActiveCfg = Release|Any CPU
		{09A63DF4-055F-4B7C-B3D7-29EC75B0E36B}.Release|Any CPU.Build.0 = Release|Any CPU
	EndGlobalSection
	GlobalSection(SolutionProperties) = preSolution
		HideSolutionNode = FALSE
	EndGlobalSection
	GlobalSection(ExtensibilityGlobals) = postSolution
		SolutionGuid = {A57E32E0-5212-4C3F-957F-04690C69D4B8}
	EndGlobalSection
EndGlobal
